
Microsoft Visual Studio Solution File, Format Version 12.00
# Visual Studio Version 16
VisualStudioVersion = 16.0.31005.135
MinimumVisualStudioVersion = 10.0.40219.1
Project("{FAE04EC0-301F-11D3-BF4B-00C04F79EFBC}") = "ForceLineFeedCode", "ForceLineFeedCode.csproj", "{2D735525-7059-4E33-A69E-C9D497849CCF}"
EndProject
Global
	GlobalSection(SolutionConfigurationPlatforms) = preSolution
		Debug|Any CPU = Debug|Any CPU
		Release|Any CPU = Release|Any CPU
	EndGlobalSection
	GlobalSection(ProjectConfigurationPlatforms) = postSolution
		{2D735525-7059-4E33-A69E-C9D497849CCF}.Debug|Any CPU.ActiveCfg = Debug|Any CPU
		{2D735525-7059-4E33-A69E-C9D497849CCF}.Debug|Any CPU.Build.0 = Debug|Any CPU
		{2D735525-7059-4E33-A69E-C9D497849CCF}.Release|Any CPU.ActiveCfg = Release|Any CPU
		{2D735525-7059-4E33-A69E-C9D497849CCF}.Release|Any CPU.Build.0 = Release|Any CPU
	EndGlobalSection
	GlobalSection(SolutionProperties) = preSolution
		HideSolutionNode = FALSE
	EndGlobalSection
	GlobalSection(ExtensibilityGlobals) = postSolution
		SolutionGuid = {28E921EB-02F9-47C7-9576-EBF4E2C3B552}
	EndGlobalSection
EndGlobal
